<?xml version="1.0" encoding="utf-8"?>
<Project ToolsVersion="4.0" xmlns="http://schemas.microsoft.com/developer/msbuild/2003">
  <ItemGroup>
    <ClCompile Include="Main.cpp" />
    <ClCompile Include="API.cpp" />
    <ClCompile Include="ConsoleImpl.cpp" />
    <ClCompile Include="Application.cpp" />
    <ClCompile Include="LuaState.cpp" />
  </ItemGroup>
  <ItemGroup>
    <ClInclude Include="Console.h" />
    <ClInclude Include="ConsoleImpl.h" />
    <ClInclude Include="Application.h" />
    <ClInclude Include="LuaState.h" />
  </ItemGroup>
</Project>